// !$*UTF8*$!
{
	archiveVersion = 1;
	classes = {
	};
	objectVersion = 50;
	objects = {

/* Begin PBXBuildFile section */
		AB36DA152578EE2800EEE596 /* AppDelegate.swift in Sources */ = {isa = PBXBuildFile; fileRef = AB36DA142578EE2800EEE596 /* AppDelegate.swift */; };
		AB36DA172578EE2800EEE596 /* SceneDelegate.swift in Sources */ = {isa = PBXBuildFile; fileRef = AB36DA162578EE2800EEE596 /* SceneDelegate.swift */; };
		AB36DA192578EE2800EEE596 /* ViewController.swift in Sources */ = {isa = PBXBuildFile; fileRef = AB36DA182578EE2800EEE596 /* ViewController.swift */; };
		AB36DA1C2578EE2800EEE596 /* Main.storyboard in Resources */ = {isa = PBXBuildFile; fileRef = AB36DA1A2578EE2800EEE596 /* Main.storyboard */; };
		AB36DA1E2578EE2A00EEE596 /* Assets.xcassets in Resources */ = {isa = PBXBuildFile; fileRef = AB36DA1D2578EE2A00EEE596 /* Assets.xcassets */; };
		AB36DA212578EE2A00EEE596 /* LaunchScreen.storyboard in Resources */ = {isa = PBXBuildFile; fileRef = AB36DA1F2578EE2A00EEE596 /* LaunchScreen.storyboard */; };
		AB36DA2C2578EE2A00EEE596 /* TestAppSiteTests.swift in Sources */ = {isa = PBXBuildFile; fileRef = AB36DA2B2578EE2A00EEE596 /* TestAppSiteTests.swift */; };
		AB36DA372578EE2A00EEE596 /* TestAppSiteUITests.swift in Sources */ = {isa = PBXBuildFile; fileRef = AB36DA362578EE2A00EEE596 /* TestAppSiteUITests.swift */; };
/* End PBXBuildFile section */

/* Begin PBXContainerItemProxy section */
		AB36DA282578EE2A00EEE596 /* PBXContainerItemProxy */ = {
			isa = PBXContainerItemProxy;
			containerPortal = AB36DA092578EE2800EEE596 /* Project object */;
			proxyType = 1;
			remoteGlobalIDString = AB36DA102578EE2800EEE596;
			remoteInfo = TestAppSite;
		};
		AB36DA332578EE2A00EEE596 /* PBXContainerItemProxy */ = {
			isa = PBXContainerItemProxy;
			containerPortal = AB36DA092578EE2800EEE596 /* Project object */;
			proxyType = 1;
			remoteGlobalIDString = AB36DA102578EE2800EEE596;
			remoteInfo = TestAppSite;
		};
/* End PBXContainerItemProxy section */

/* Begin PBXFileReference section */
		AB36DA112578EE2800EEE596 /* TestAppSite.app */ = {isa = PBXFileReference; explicitFileType = wrapper.application; includeInIndex = 0; path = TestAppSite.app; sourceTree = BUILT_PRODUCTS_DIR; };
		AB36DA142578EE2800EEE596 /* AppDelegate.swift */ = {isa = PBXFileReference; lastKnownFileType = sourcecode.swift; path = AppDelegate.swift; sourceTree = "<group>"; };
		AB36DA162578EE2800EEE596 /* SceneDelegate.swift */ = {isa = PBXFileReference; lastKnownFileType = sourcecode.swift; path = SceneDelegate.swift; sourceTree = "<group>"; };
		AB36DA182578EE2800EEE596 /* ViewController.swift */ = {isa = PBXFileReference; lastKnownFileType = sourcecode.swift; path = ViewController.swift; sourceTree = "<group>"; };
		AB36DA1B2578EE2800EEE596 /* Base */ = {isa = PBXFileReference; lastKnownFileType = file.storyboard; name = Base; path = Base.lproj/Main.storyboard; sourceTree = "<group>"; };
		AB36DA1D2578EE2A00EEE596 /* Assets.xcassets */ = {isa = PBXFileReference; lastKnownFileType = folder.assetcatalog; path = Assets.xcassets; sourceTree = "<group>"; };
		AB36DA202578EE2A00EEE596 /* Base */ = {isa = PBXFileReference; lastKnownFileType = file.storyboard; name = Base; path = Base.lproj/LaunchScreen.storyboard; sourceTree = "<group>"; };
		AB36DA222578EE2A00EEE596 /* Info.plist */ = {isa = PBXFileReference; lastKnownFileType = text.plist.xml; path = Info.plist; sourceTree = "<group>"; };
		AB36DA272578EE2A00EEE596 /* TestAppSiteTests.xctest */ = {isa = PBXFileReference; explicitFileType = wrapper.cfbundle; includeInIndex = 0; path = TestAppSiteTests.xctest; sourceTree = BUILT_PRODUCTS_DIR; };
		AB36DA2B2578EE2A00EEE596 /* TestAppSiteTests.swift */ = {isa = PBXFileReference; lastKnownFileType = sourcecode.swift; path = TestAppSiteTests.swift; sourceTree = "<group>"; };
		AB36DA2D2578EE2A00EEE596 /* Info.plist */ = {isa = PBXFileReference; lastKnownFileType = text.plist.xml; path = Info.plist; sourceTree = "<group>"; };
		AB36DA322578EE2A00EEE596 /* TestAppSiteUITests.xctest */ = {isa = PBXFileReference; explicitFileType = wrapper.cfbundle; includeInIndex = 0; path = TestAppSiteUITests.xctest; sourceTree = BUILT_PRODUCTS_DIR; };
		AB36DA362578EE2A00EEE596 /* TestAppSiteUITests.swift */ = {isa = PBXFileReference; lastKnownFileType = sourcecode.swift; path = TestAppSiteUITests.swift; sourceTree = "<group>"; };
		AB36DA382578EE2A00EEE596 /* Info.plist */ = {isa = PBXFileReference; lastKnownFileType = text.plist.xml; path = Info.plist; sourceTree = "<group>"; };
/* End PBXFileReference section */

/* Begin PBXFrameworksBuildPhase section */
		AB36DA0E2578EE2800EEE596 /* Frameworks */ = {
			isa = PBXFrameworksBuildPhase;
			buildActionMask = 2147483647;
			files = (
			);
			runOnlyForDeploymentPostprocessing = 0;
		};
		AB36DA242578EE2A00EEE596 /* Frameworks */ = {
			isa = PBXFrameworksBuildPhase;
			buildActionMask = 2147483647;
			files = (
			);
			runOnlyForDeploymentPostprocessing = 0;
		};
		AB36DA2F2578EE2A00EEE596 /* Frameworks */ = {
			isa = PBXFrameworksBuildPhase;
			buildActionMask = 2147483647;
			files = (
			);
			runOnlyForDeploymentPostprocessing = 0;
		};
/* End PBXFrameworksBuildPhase section */

/* Begin PBXGroup section */
		AB36DA082578EE2800EEE596 = {
			isa = PBXGroup;
			children = (
				AB36DA132578EE2800EEE596 /* Sources */,
				AB36DA2A2578EE2A00EEE596 /* TestAppSiteTests */,
				AB36DA352578EE2A00EEE596 /* TestAppSiteUITests */,
				AB36DA122578EE2800EEE596 /* Products */,
			);
			sourceTree = "<group>";
		};
		AB36DA122578EE2800EEE596 /* Products */ = {
			isa = PBXGroup;
			children = (
				AB36DA112578EE2800EEE596 /* TestAppSite.app */,
				AB36DA272578EE2A00EEE596 /* TestAppSiteTests.xctest */,
				AB36DA322578EE2A00EEE596 /* TestAppSiteUITests.xctest */,
			);
			name = Products;
			sourceTree = "<group>";
		};
		AB36DA132578EE2800EEE596 /* Sources */ = {
			isa = PBXGroup;
			children = (
				AB36DA142578EE2800EEE596 /* AppDelegate.swift */,
				AB36DA162578EE2800EEE596 /* SceneDelegate.swift */,
				AB36DA182578EE2800EEE596 /* ViewController.swift */,
				AB36DA1A2578EE2800EEE596 /* Main.storyboard */,
				AB36DA1D2578EE2A00EEE596 /* Assets.xcassets */,
				AB36DA1F2578EE2A00EEE596 /* LaunchScreen.storyboard */,
				AB36DA222578EE2A00EEE596 /* Info.plist */,
			);
			path = Sources;
			sourceTree = "<group>";
		};
		AB36DA2A2578EE2A00EEE596 /* TestAppSiteTests */ = {
			isa = PBXGroup;
			children = (
				AB36DA2B2578EE2A00EEE596 /* TestAppSiteTests.swift */,
				AB36DA2D2578EE2A00EEE596 /* Info.plist */,
			);
			path = TestAppSiteTests;
			sourceTree = "<group>";
		};
		AB36DA352578EE2A00EEE596 /* TestAppSiteUITests */ = {
			isa = PBXGroup;
			children = (
				AB36DA362578EE2A00EEE596 /* TestAppSiteUITests.swift */,
				AB36DA382578EE2A00EEE596 /* Info.plist */,
			);
			path = TestAppSiteUITests;
			sourceTree = "<group>";
		};
/* End PBXGroup section */

/* Begin PBXNativeTarget section */
		AB36DA102578EE2800EEE596 /* TestAppSite */ = {
			isa = PBXNativeTarget;
			buildConfigurationList = AB36DA3B2578EE2A00EEE596 /* Build configuration list for PBXNativeTarget "TestAppSite" */;
			buildPhases = (
				AB36DA0D2578EE2800EEE596 /* Sources */,
				AB36DA0E2578EE2800EEE596 /* Frameworks */,
				AB36DA0F2578EE2800EEE596 /* Resources */,
			);
			buildRules = (
			);
			dependencies = (
			);
			name = TestAppSite;
			productName = TestAppSite;
			productReference = AB36DA112578EE2800EEE596 /* TestAppSite.app */;
			productType = "com.apple.product-type.application";
		};
		AB36DA262578EE2A00EEE596 /* TestAppSiteTests */ = {
			isa = PBXNativeTarget;
			buildConfigurationList = AB36DA3E2578EE2A00EEE596 /* Build configuration list for PBXNativeTarget "TestAppSiteTests" */;
			buildPhases = (
				AB36DA232578EE2A00EEE596 /* Sources */,
				AB36DA242578EE2A00EEE596 /* Frameworks */,
				AB36DA252578EE2A00EEE596 /* Resources */,
			);
			buildRules = (
			);
			dependencies = (
				AB36DA292578EE2A00EEE596 /* PBXTargetDependency */,
			);
			name = TestAppSiteTests;
			productName = TestAppSiteTests;
			productReference = AB36DA272578EE2A00EEE596 /* TestAppSiteTests.xctest */;
			productType = "com.apple.product-type.bundle.unit-test";
		};
		AB36DA312578EE2A00EEE596 /* TestAppSiteUITests */ = {
			isa = PBXNativeTarget;
			buildConfigurationList = AB36DA412578EE2A00EEE596 /* Build configuration list for PBXNativeTarget "TestAppSiteUITests" */;
			buildPhases = (
				AB36DA2E2578EE2A00EEE596 /* Sources */,
				AB36DA2F2578EE2A00EEE596 /* Frameworks */,
				AB36DA302578EE2A00EEE596 /* Resources */,
			);
			buildRules = (
			);
			dependencies = (
				AB36DA342578EE2A00EEE596 /* PBXTargetDependency */,
			);
			name = TestAppSiteUITests;
			productName = TestAppSiteUITests;
			productReference = AB36DA322578EE2A00EEE596 /* TestAppSiteUITests.xctest */;
			productType = "com.apple.product-type.bundle.ui-testing";
		};
/* End PBXNativeTarget section */

/* Begin PBXProject section */
		AB36DA092578EE2800EEE596 /* Project object */ = {
			isa = PBXProject;
			attributes = {
				LastSwiftUpdateCheck = 1170;
				LastUpgradeCheck = 1170;
				ORGANIZATIONNAME = "Dixit, Arpan";
				TargetAttributes = {
					AB36DA102578EE2800EEE596 = {
						CreatedOnToolsVersion = 11.7;
					};
					AB36DA262578EE2A00EEE596 = {
						CreatedOnToolsVersion = 11.7;
						TestTargetID = AB36DA102578EE2800EEE596;
					};
					AB36DA312578EE2A00EEE596 = {
						CreatedOnToolsVersion = 11.7;
						TestTargetID = AB36DA102578EE2800EEE596;
					};
				};
			};
			buildConfigurationList = AB36DA0C2578EE2800EEE596 /* Build configuration list for PBXProject "TestAppSite" */;
			compatibilityVersion = "Xcode 9.3";
			developmentRegion = en;
			hasScannedForEncodings = 0;
			knownRegions = (
				en,
				Base,
			);
			mainGroup = AB36DA082578EE2800EEE596;
			productRefGroup = AB36DA122578EE2800EEE596 /* Products */;
			projectDirPath = "";
			projectRoot = "";
			targets = (
				AB36DA102578EE2800EEE596 /* TestAppSite */,
				AB36DA262578EE2A00EEE596 /* TestAppSiteTests */,
				AB36DA312578EE2A00EEE596 /* TestAppSiteUITests */,
			);
		};
/* End PBXProject section */

/* Begin PBXResourcesBuildPhase section */
		AB36DA0F2578EE2800EEE596 /* Resources */ = {
			isa = PBXResourcesBuildPhase;
			buildActionMask = 2147483647;
			files = (
				AB36DA212578EE2A00EEE596 /* LaunchScreen.storyboard in Resources */,
				AB36DA1E2578EE2A00EEE596 /* Assets.xcassets in Resources */,
				AB36DA1C2578EE2800EEE596 /* Main.storyboard in Resources */,
			);
			runOnlyForDeploymentPostprocessing = 0;
		};
		AB36DA252578EE2A00EEE596 /* Resources */ = {
			isa = PBXResourcesBuildPhase;
			buildActionMask = 2147483647;
			files = (
			);
			runOnlyForDeploymentPostprocessing = 0;
		};
		AB36DA302578EE2A00EEE596 /* Resources */ = {
			isa = PBXResourcesBuildPhase;
			buildActionMask = 2147483647;
			files = (
			);
			runOnlyForDeploymentPostprocessing = 0;
		};
/* End PBXResourcesBuildPhase section */

/* Begin PBXSourcesBuildPhase section */
		AB36DA0D2578EE2800EEE596 /* Sources */ = {
			isa = PBXSourcesBuildPhase;
			buildActionMask = 2147483647;
			files = (
				AB36DA192578EE2800EEE596 /* ViewController.swift in Sources */,
				AB36DA152578EE2800EEE596 /* AppDelegate.swift in Sources */,
				AB36DA172578EE2800EEE596 /* SceneDelegate.swift in Sources */,
			);
			runOnlyForDeploymentPostprocessing = 0;
		};
		AB36DA232578EE2A00EEE596 /* Sources */ = {
			isa = PBXSourcesBuildPhase;
			buildActionMask = 2147483647;
			files = (
				AB36DA2C2578EE2A00EEE596 /* TestAppSiteTests.swift in Sources */,
			);
			runOnlyForDeploymentPostprocessing = 0;
		};
		AB36DA2E2578EE2A00EEE596 /* Sources */ = {
			isa = PBXSourcesBuildPhase;
			buildActionMask = 2147483647;
			files = (
				AB36DA372578EE2A00EEE596 /* TestAppSiteUITests.swift in Sources */,
			);
			runOnlyForDeploymentPostprocessing = 0;
		};
/* End PBXSourcesBuildPhase section */

/* Begin PBXTargetDependency section */
		AB36DA292578EE2A00EEE596 /* PBXTargetDependency */ = {
			isa = PBXTargetDependency;
			target = AB36DA102578EE2800EEE596 /* TestAppSite */;
			targetProxy = AB36DA282578EE2A00EEE596 /* PBXContainerItemProxy */;
		};
		AB36DA342578EE2A00EEE596 /* PBXTargetDependency */ = {
			isa = PBXTargetDependency;
			target = AB36DA102578EE2800EEE596 /* TestAppSite */;
			targetProxy = AB36DA332578EE2A00EEE596 /* PBXContainerItemProxy */;
		};
/* End PBXTargetDependency section */

/* Begin PBXVariantGroup section */
		AB36DA1A2578EE2800EEE596 /* Main.storyboard */ = {
			isa = PBXVariantGroup;
			children = (
				AB36DA1B2578EE2800EEE596 /* Base */,
			);
			name = Main.storyboard;
			sourceTree = "<group>";
		};
		AB36DA1F2578EE2A00EEE596 /* LaunchScreen.storyboard */ = {
			isa = PBXVariantGroup;
			children = (
				AB36DA202578EE2A00EEE596 /* Base */,
			);
			name = LaunchScreen.storyboard;
			sourceTree = "<group>";
		};
/* End PBXVariantGroup section */

/* Begin XCBuildConfiguration section */
		AB36DA392578EE2A00EEE596 /* Debug */ = {
			isa = XCBuildConfiguration;
			buildSettings = {
				ALWAYS_SEARCH_USER_PATHS = NO;
				CLANG_ANALYZER_NONNULL = YES;
				CLANG_ANALYZER_NUMBER_OBJECT_CONVERSION = YES_AGGRESSIVE;
				CLANG_CXX_LANGUAGE_STANDARD = "gnu++14";
				CLANG_CXX_LIBRARY = "libc++";
				CLANG_ENABLE_MODULES = YES;
				CLANG_ENABLE_OBJC_ARC = YES;
				CLANG_ENABLE_OBJC_WEAK = YES;
				CLANG_WARN_BLOCK_CAPTURE_AUTORELEASING = YES;
				CLANG_WARN_BOOL_CONVERSION = YES;
				CLANG_WARN_COMMA = YES;
				CLANG_WARN_CONSTANT_CONVERSION = YES;
				CLANG_WARN_DEPRECATED_OBJC_IMPLEMENTATIONS = YES;
				CLANG_WARN_DIRECT_OBJC_ISA_USAGE = YES_ERROR;
				CLANG_WARN_DOCUMENTATION_COMMENTS = YES;
				CLANG_WARN_EMPTY_BODY = YES;
				CLANG_WARN_ENUM_CONVERSION = YES;
				CLANG_WARN_INFINITE_RECURSION = YES;
				CLANG_WARN_INT_CONVERSION = YES;
				CLANG_WARN_NON_LITERAL_NULL_CONVERSION = YES;
				CLANG_WARN_OBJC_IMPLICIT_RETAIN_SELF = YES;
				CLANG_WARN_OBJC_LITERAL_CONVERSION = YES;
				CLANG_WARN_OBJC_ROOT_CLASS = YES_ERROR;
				CLANG_WARN_RANGE_LOOP_ANALYSIS = YES;
				CLANG_WARN_STRICT_PROTOTYPES = YES;
				CLANG_WARN_SUSPICIOUS_MOVE = YES;
				CLANG_WARN_UNGUARDED_AVAILABILITY = YES_AGGRESSIVE;
				CLANG_WARN_UNREACHABLE_CODE = YES;
				CLANG_WARN__DUPLICATE_METHOD_MATCH = YES;
				COPY_PHASE_STRIP = NO;
				DEBUG_INFORMATION_FORMAT = dwarf;
				ENABLE_STRICT_OBJC_MSGSEND = YES;
				ENABLE_TESTABILITY = YES;
				GCC_C_LANGUAGE_STANDARD = gnu11;
				GCC_DYNAMIC_NO_PIC = NO;
				GCC_NO_COMMON_BLOCKS = YES;
				GCC_OPTIMIZATION_LEVEL = 0;
				GCC_PREPROCESSOR_DEFINITIONS = (
					"DEBUG=1",
					"$(inherited)",
				);
				GCC_WARN_64_TO_32_BIT_CONVERSION = YES;
				GCC_WARN_ABOUT_RETURN_TYPE = YES_ERROR;
				GCC_WARN_UNDECLARED_SELECTOR = YES;
				GCC_WARN_UNINITIALIZED_AUTOS = YES_AGGRESSIVE;
				GCC_WARN_UNUSED_FUNCTION = YES;
				GCC_WARN_UNUSED_VARIABLE = YES;
				IPHONEOS_DEPLOYMENT_TARGET = 13.7;
				MTL_ENABLE_DEBUG_INFO = INCLUDE_SOURCE;
				MTL_FAST_MATH = YES;
				ONLY_ACTIVE_ARCH = YES;
				SDKROOT = iphoneos;
				SWIFT_ACTIVE_COMPILATION_CONDITIONS = DEBUG;
				SWIFT_OPTIMIZATION_LEVEL = "-Onone";
			};
			name = Debug;
		};
		AB36DA3A2578EE2A00EEE596 /* Release */ = {
			isa = XCBuildConfiguration;
			buildSettings = {
				ALWAYS_SEARCH_USER_PATHS = NO;
				CLANG_ANALYZER_NONNULL = YES;
				CLANG_ANALYZER_NUMBER_OBJECT_CONVERSION = YES_AGGRESSIVE;
				CLANG_CXX_LANGUAGE_STANDARD = "gnu++14";
				CLANG_CXX_LIBRARY = "libc++";
				CLANG_ENABLE_MODULES = YES;
				CLANG_ENABLE_OBJC_ARC = YES;
				CLANG_ENABLE_OBJC_WEAK = YES;
				CLANG_WARN_BLOCK_CAPTURE_AUTORELEASING = YES;
				CLANG_WARN_BOOL_CONVERSION = YES;
				CLANG_WARN_COMMA = YES;
				CLANG_WARN_CONSTANT_CONVERSION = YES;
				CLANG_WARN_DEPRECATED_OBJC_IMPLEMENTATIONS = YES;
				CLANG_WARN_DIRECT_OBJC_ISA_USAGE = YES_ERROR;
				CLANG_WARN_DOCUMENTATION_COMMENTS = YES;
				CLANG_WARN_EMPTY_BODY = YES;
				CLANG_WARN_ENUM_CONVERSION = YES;
				CLANG_WARN_INFINITE_RECURSION = YES;
				CLANG_WARN_INT_CONVERSION = YES;
				CLANG_WARN_NON_LITERAL_NULL_CONVERSION = YES;
				CLANG_WARN_OBJC_IMPLICIT_RETAIN_SELF = YES;
				CLANG_WARN_OBJC_LITERAL_CONVERSION = YES;
				CLANG_WARN_OBJC_ROOT_CLASS = YES_ERROR;
				CLANG_WARN_RANGE_LOOP_ANALYSIS = YES;
				CLANG_WARN_STRICT_PROTOTYPES = YES;
				CLANG_WARN_SUSPICIOUS_MOVE = YES;
				CLANG_WARN_UNGUARDED_AVAILABILITY = YES_AGGRESSIVE;
				CLANG_WARN_UNREACHABLE_CODE = YES;
				CLANG_WARN__DUPLICATE_METHOD_MATCH = YES;
				COPY_PHASE_STRIP = NO;
				DEBUG_INFORMATION_FORMAT = "dwarf-with-dsym";
				ENABLE_NS_ASSERTIONS = NO;
				ENABLE_STRICT_OBJC_MSGSEND = YES;
				GCC_C_LANGUAGE_STANDARD = gnu11;
				GCC_NO_COMMON_BLOCKS = YES;
				GCC_WARN_64_TO_32_BIT_CONVERSION = YES;
				GCC_WARN_ABOUT_RETURN_TYPE = YES_ERROR;
				GCC_WARN_UNDECLARED_SELECTOR = YES;
				GCC_WARN_UNINITIALIZED_AUTOS = YES_AGGRESSIVE;
				GCC_WARN_UNUSED_FUNCTION = YES;
				GCC_WARN_UNUSED_VARIABLE = YES;
				IPHONEOS_DEPLOYMENT_TARGET = 13.7;
				MTL_ENABLE_DEBUG_INFO = NO;
				MTL_FAST_MATH = YES;
				SDKROOT = iphoneos;
				SWIFT_COMPILATION_MODE = wholemodule;
				SWIFT_OPTIMIZATION_LEVEL = "-O";
				VALIDATE_PRODUCT = YES;
			};
			name = Release;
		};
		AB36DA3C2578EE2A00EEE596 /* Debug */ = {
			isa = XCBuildConfiguration;
			buildSettings = {
				ASSETCATALOG_COMPILER_APPICON_NAME = AppIcon;
				CODE_SIGN_STYLE = Automatic;
				INFOPLIST_FILE = TestAppSite/Info.plist;
				LD_RUNPATH_SEARCH_PATHS = (
					"$(inherited)",
					"@executable_path/Frameworks",
				);
				PRODUCT_BUNDLE_IDENTIFIER = Paypal.TestAppSite;
				PRODUCT_NAME = "$(TARGET_NAME)";
				SWIFT_VERSION = 5.0;
				TARGETED_DEVICE_FAMILY = "1,2";
			};
			name = Debug;
		};
		AB36DA3D2578EE2A00EEE596 /* Release */ = {
			isa = XCBuildConfiguration;
			buildSettings = {
				ASSETCATALOG_COMPILER_APPICON_NAME = AppIcon;
				CODE_SIGN_STYLE = Automatic;
				INFOPLIST_FILE = TestAppSite/Info.plist;
				LD_RUNPATH_SEARCH_PATHS = (
					"$(inherited)",
					"@executable_path/Frameworks",
				);
				PRODUCT_BUNDLE_IDENTIFIER = Paypal.TestAppSite;
				PRODUCT_NAME = "$(TARGET_NAME)";
				SWIFT_VERSION = 5.0;
				TARGETED_DEVICE_FAMILY = "1,2";
			};
			name = Release;
		};
		AB36DA3F2578EE2A00EEE596 /* Debug */ = {
			isa = XCBuildConfiguration;
			buildSettings = {
				ALWAYS_EMBED_SWIFT_STANDARD_LIBRARIES = YES;
				BUNDLE_LOADER = "$(TEST_HOST)";
				CODE_SIGN_STYLE = Automatic;
				INFOPLIST_FILE = TestAppSiteTests/Info.plist;
				IPHONEOS_DEPLOYMENT_TARGET = 13.7;
				LD_RUNPATH_SEARCH_PATHS = (
					"$(inherited)",
					"@executable_path/Frameworks",
					"@loader_path/Frameworks",
				);
				PRODUCT_BUNDLE_IDENTIFIER = Paypal.TestAppSiteTests;
				PRODUCT_NAME = "$(TARGET_NAME)";
				SWIFT_VERSION = 5.0;
				TARGETED_DEVICE_FAMILY = "1,2";
				TEST_HOST = "$(BUILT_PRODUCTS_DIR)/TestAppSite.app/TestAppSite";
			};
			name = Debug;
		};
		AB36DA402578EE2A00EEE596 /* Release */ = {
			isa = XCBuildConfiguration;
			buildSettings = {
				ALWAYS_EMBED_SWIFT_STANDARD_LIBRARIES = YES;
				BUNDLE_LOADER = "$(TEST_HOST)";
				CODE_SIGN_STYLE = Automatic;
				INFOPLIST_FILE = TestAppSiteTests/Info.plist;
				IPHONEOS_DEPLOYMENT_TARGET = 13.7;
				LD_RUNPATH_SEARCH_PATHS = (
					"$(inherited)",
					"@executable_path/Frameworks",
					"@loader_path/Frameworks",
				);
				PRODUCT_BUNDLE_IDENTIFIER = Paypal.TestAppSiteTests;
				PRODUCT_NAME = "$(TARGET_NAME)";
				SWIFT_VERSION = 5.0;
				TARGETED_DEVICE_FAMILY = "1,2";
				TEST_HOST = "$(BUILT_PRODUCTS_DIR)/TestAppSite.app/TestAppSite";
			};
			name = Release;
		};
		AB36DA422578EE2A00EEE596 /* Debug */ = {
			isa = XCBuildConfiguration;
			buildSettings = {
				ALWAYS_EMBED_SWIFT_STANDARD_LIBRARIES = YES;
				CODE_SIGN_STYLE = Automatic;
				INFOPLIST_FILE = TestAppSiteUITests/Info.plist;
				LD_RUNPATH_SEARCH_PATHS = (
					"$(inherited)",
					"@executable_path/Frameworks",
					"@loader_path/Frameworks",
				);
				PRODUCT_BUNDLE_IDENTIFIER = Paypal.TestAppSiteUITests;
				PRODUCT_NAME = "$(TARGET_NAME)";
				SWIFT_VERSION = 5.0;
				TARGETED_DEVICE_FAMILY = "1,2";
				TEST_TARGET_NAME = TestAppSite;
			};
			name = Debug;
		};
		AB36DA432578EE2A00EEE596 /* Release */ = {
			isa = XCBuildConfiguration;
			buildSettings = {
				ALWAYS_EMBED_SWIFT_STANDARD_LIBRARIES = YES;
				CODE_SIGN_STYLE = Automatic;
				INFOPLIST_FILE = TestAppSiteUITests/Info.plist;
				LD_RUNPATH_SEARCH_PATHS = (
					"$(inherited)",
					"@executable_path/Frameworks",
					"@loader_path/Frameworks",
				);
				PRODUCT_BUNDLE_IDENTIFIER = Paypal.TestAppSiteUITests;
				PRODUCT_NAME = "$(TARGET_NAME)";
				SWIFT_VERSION = 5.0;
				TARGETED_DEVICE_FAMILY = "1,2";
				TEST_TARGET_NAME = TestAppSite;
			};
			name = Release;
		};
/* End XCBuildConfiguration section */

/* Begin XCConfigurationList section */
		AB36DA0C2578EE2800EEE596 /* Build configuration list for PBXProject "TestAppSite" */ = {
			isa = XCConfigurationList;
			buildConfigurations = (
				AB36DA392578EE2A00EEE596 /* Debug */,
				AB36DA3A2578EE2A00EEE596 /* Release */,
			);
			defaultConfigurationIsVisible = 0;
			defaultConfigurationName = Release;
		};
		AB36DA3B2578EE2A00EEE596 /* Build configuration list for PBXNativeTarget "TestAppSite" */ = {
			isa = XCConfigurationList;
			buildConfigurations = (
				AB36DA3C2578EE2A00EEE596 /* Debug */,
				AB36DA3D2578EE2A00EEE596 /* Release */,
			);
			defaultConfigurationIsVisible = 0;
			defaultConfigurationName = Release;
		};
		AB36DA3E2578EE2A00EEE596 /* Build configuration list for PBXNativeTarget "TestAppSiteTests" */ = {
			isa = XCConfigurationList;
			buildConfigurations = (
				AB36DA3F2578EE2A00EEE596 /* Debug */,
				AB36DA402578EE2A00EEE596 /* Release */,
			);
			defaultConfigurationIsVisible = 0;
			defaultConfigurationName = Release;
		};
		AB36DA412578EE2A00EEE596 /* Build configuration list for PBXNativeTarget "TestAppSiteUITests" */ = {
			isa = XCConfigurationList;
			buildConfigurations = (
				AB36DA422578EE2A00EEE596 /* Debug */,
				AB36DA432578EE2A00EEE596 /* Release */,
			);
			defaultConfigurationIsVisible = 0;
			defaultConfigurationName = Release;
		};
/* End XCConfigurationList section */
	};
	rootObject = AB36DA092578EE2800EEE596 /* Project object */;
}
